
Microsoft Visual Studio Solution File, Format Version 12.00
# Visual Studio 2012
Project("{888888A0-9F3D-457C-B088-3A5042F75D52}") = "MultiLevelControl", "MultiLevelControl.pyproj", "{5576E43C-92DB-4CC8-9F4A-87DD82907F9D}"
EndProject
Global
	GlobalSection(SolutionConfigurationPlatforms) = preSolution
		Debug|Any CPU = Debug|Any CPU
		Release|Any CPU = Release|Any CPU
	EndGlobalSection
	GlobalSection(ProjectConfigurationPlatforms) = postSolution
		{5576E43C-92DB-4CC8-9F4A-87DD82907F9D}.Debug|Any CPU.ActiveCfg = Debug|Any CPU
		{5576E43C-92DB-4CC8-9F4A-87DD82907F9D}.Release|Any CPU.ActiveCfg = Release|Any CPU
	EndGlobalSection
	GlobalSection(SolutionProperties) = preSolution
		HideSolutionNode = FALSE
	EndGlobalSection
EndGlobal
