
Microsoft Visual Studio Solution File, Format Version 12.00
# Visual Studio 2012
Project("{888888A0-9F3D-457C-B088-3A5042F75D52}") = "robot_folding_locomotion", "robot_folding_locomotion.pyproj", "{5297F256-2691-4AB7-A66A-565838E2EC0A}"
EndProject
Global
	GlobalSection(SolutionConfigurationPlatforms) = preSolution
		Debug|Any CPU = Debug|Any CPU
		Release|Any CPU = Release|Any CPU
	EndGlobalSection
	GlobalSection(ProjectConfigurationPlatforms) = postSolution
		{5297F256-2691-4AB7-A66A-565838E2EC0A}.Debug|Any CPU.ActiveCfg = Debug|Any CPU
		{5297F256-2691-4AB7-A66A-565838E2EC0A}.Release|Any CPU.ActiveCfg = Release|Any CPU
	EndGlobalSection
	GlobalSection(SolutionProperties) = preSolution
		HideSolutionNode = FALSE
	EndGlobalSection
EndGlobal
