
Microsoft Visual Studio Solution File, Format Version 12.00
# Visual Studio 2012
Project("{888888A0-9F3D-457C-B088-3A5042F75D52}") = "robot_folding", "robot_folding.pyproj", "{FDB057FE-9FD3-45C4-8D3F-3CD11D085B0B}"
EndProject
Global
	GlobalSection(SolutionConfigurationPlatforms) = preSolution
		Debug|Any CPU = Debug|Any CPU
		Release|Any CPU = Release|Any CPU
	EndGlobalSection
	GlobalSection(ProjectConfigurationPlatforms) = postSolution
		{FDB057FE-9FD3-45C4-8D3F-3CD11D085B0B}.Debug|Any CPU.ActiveCfg = Debug|Any CPU
		{FDB057FE-9FD3-45C4-8D3F-3CD11D085B0B}.Release|Any CPU.ActiveCfg = Release|Any CPU
	EndGlobalSection
	GlobalSection(SolutionProperties) = preSolution
		HideSolutionNode = FALSE
	EndGlobalSection
EndGlobal
