
Microsoft Visual Studio Solution File, Format Version 12.00
# Visual Studio 2012
Project("{888888A0-9F3D-457C-B088-3A5042F75D52}") = "sideways_swimming", "sideways_swimming.pyproj", "{5288DFFC-9AC5-45EA-9B7B-5089D831E29E}"
EndProject
Global
	GlobalSection(SolutionConfigurationPlatforms) = preSolution
		Debug|Any CPU = Debug|Any CPU
		Release|Any CPU = Release|Any CPU
	EndGlobalSection
	GlobalSection(ProjectConfigurationPlatforms) = postSolution
		{5288DFFC-9AC5-45EA-9B7B-5089D831E29E}.Debug|Any CPU.ActiveCfg = Debug|Any CPU
		{5288DFFC-9AC5-45EA-9B7B-5089D831E29E}.Release|Any CPU.ActiveCfg = Release|Any CPU
	EndGlobalSection
	GlobalSection(SolutionProperties) = preSolution
		HideSolutionNode = FALSE
	EndGlobalSection
EndGlobal
